
Microsoft Visual Studio Solution File, Format Version 12.00
# Visual Studio Version 17
VisualStudioVersion = 17.5.33530.505
MinimumVisualStudioVersion = 10.0.40219.1
Project("{FAE04EC0-301F-11D3-BF4B-00C04F79EFBC}") = "DesignPatterns", "DesignPatterns\DesignPatterns.csproj", "{3B99FC3C-4380-4226-B464-562085436839}"
EndProject
Global
	GlobalSection(SolutionConfigurationPlatforms) = preSolution
		Debug|Any CPU = Debug|Any CPU
		Release|Any CPU = Release|Any CPU
	EndGlobalSection
	GlobalSection(ProjectConfigurationPlatforms) = postSolution
		{3B99FC3C-4380-4226-B464-562085436839}.Debug|Any CPU.ActiveCfg = Debug|Any CPU
		{3B99FC3C-4380-4226-B464-562085436839}.Debug|Any CPU.Build.0 = Debug|Any CPU
		{3B99FC3C-4380-4226-B464-562085436839}.Release|Any CPU.ActiveCfg = Release|Any CPU
		{3B99FC3C-4380-4226-B464-562085436839}.Release|Any CPU.Build.0 = Release|Any CPU
	EndGlobalSection
	GlobalSection(SolutionProperties) = preSolution
		HideSolutionNode = FALSE
	EndGlobalSection
	GlobalSection(ExtensibilityGlobals) = postSolution
		SolutionGuid = {3132DCF1-0AF2-4364-922B-BEF7B5DBC3BD}
	EndGlobalSection
EndGlobal
